// !$*UTF8*$!
{
	archiveVersion = 1;
	classes = {
	};
	objectVersion = 55;
	objects = {

/* Begin PBXBuildFile section */
		0141B3F128889C460091F6FF /* AppDelegate.swift in Sources */ = {isa = PBXBuildFile; fileRef = 0141B3F028889C460091F6FF /* AppDelegate.swift */; };
		0141B3F328889C460091F6FF /* SceneDelegate.swift in Sources */ = {isa = PBXBuildFile; fileRef = 0141B3F228889C460091F6FF /* SceneDelegate.swift */; };
		0141B3F528889C460091F6FF /* CanvasViewController.swift in Sources */ = {isa = PBXBuildFile; fileRef = 0141B3F428889C460091F6FF /* CanvasViewController.swift */; };
		0141B3F828889C460091F6FF /* Main.storyboard in Resources */ = {isa = PBXBuildFile; fileRef = 0141B3F628889C460091F6FF /* Main.storyboard */; };
		0141B3FA28889C480091F6FF /* Assets.xcassets in Resources */ = {isa = PBXBuildFile; fileRef = 0141B3F928889C480091F6FF /* Assets.xcassets */; };
		0141B3FD28889C480091F6FF /* LaunchScreen.storyboard in Resources */ = {isa = PBXBuildFile; fileRef = 0141B3FB28889C480091F6FF /* LaunchScreen.storyboard */; };
		0141B40828889C480091F6FF /* ghost_drawingTests.swift in Sources */ = {isa = PBXBuildFile; fileRef = 0141B40728889C480091F6FF /* ghost_drawingTests.swift */; };
		0141B41228889C480091F6FF /* ghost_drawingUITests.swift in Sources */ = {isa = PBXBuildFile; fileRef = 0141B41128889C480091F6FF /* ghost_drawingUITests.swift */; };
		0141B41428889C480091F6FF /* ghost_drawingUITestsLaunchTests.swift in Sources */ = {isa = PBXBuildFile; fileRef = 0141B41328889C480091F6FF /* ghost_drawingUITestsLaunchTests.swift */; };
		01EEEFC1288A236E0098A94E /* Line.swift in Sources */ = {isa = PBXBuildFile; fileRef = 01EEEFC0288A236E0098A94E /* Line.swift */; };
		01EEEFC3288A23970098A94E /* CanvasView.swift in Sources */ = {isa = PBXBuildFile; fileRef = 01EEEFC2288A23970098A94E /* CanvasView.swift */; };
/* End PBXBuildFile section */

/* Begin PBXContainerItemProxy section */
		0141B40428889C480091F6FF /* PBXContainerItemProxy */ = {
			isa = PBXContainerItemProxy;
			containerPortal = 0141B3E528889C460091F6FF /* Project object */;
			proxyType = 1;
			remoteGlobalIDString = 0141B3EC28889C460091F6FF;
			remoteInfo = "ghost-drawing";
		};
		0141B40E28889C480091F6FF /* PBXContainerItemProxy */ = {
			isa = PBXContainerItemProxy;
			containerPortal = 0141B3E528889C460091F6FF /* Project object */;
			proxyType = 1;
			remoteGlobalIDString = 0141B3EC28889C460091F6FF;
			remoteInfo = "ghost-drawing";
		};
/* End PBXContainerItemProxy section */

/* Begin PBXFileReference section */
		0141B3ED28889C460091F6FF /* ghost-drawing.app */ = {isa = PBXFileReference; explicitFileType = wrapper.application; includeInIndex = 0; path = "ghost-drawing.app"; sourceTree = BUILT_PRODUCTS_DIR; };
		0141B3F028889C460091F6FF /* AppDelegate.swift */ = {isa = PBXFileReference; lastKnownFileType = sourcecode.swift; path = AppDelegate.swift; sourceTree = "<group>"; };
		0141B3F228889C460091F6FF /* SceneDelegate.swift */ = {isa = PBXFileReference; lastKnownFileType = sourcecode.swift; path = SceneDelegate.swift; sourceTree = "<group>"; };
		0141B3F428889C460091F6FF /* CanvasViewController.swift */ = {isa = PBXFileReference; lastKnownFileType = sourcecode.swift; path = CanvasViewController.swift; sourceTree = "<group>"; };
		0141B3F728889C460091F6FF /* Base */ = {isa = PBXFileReference; lastKnownFileType = file.storyboard; name = Base; path = Base.lproj/Main.storyboard; sourceTree = "<group>"; };
		0141B3F928889C480091F6FF /* Assets.xcassets */ = {isa = PBXFileReference; lastKnownFileType = folder.assetcatalog; path = Assets.xcassets; sourceTree = "<group>"; };
		0141B3FC28889C480091F6FF /* Base */ = {isa = PBXFileReference; lastKnownFileType = file.storyboard; name = Base; path = Base.lproj/LaunchScreen.storyboard; sourceTree = "<group>"; };
		0141B3FE28889C480091F6FF /* Info.plist */ = {isa = PBXFileReference; lastKnownFileType = text.plist.xml; path = Info.plist; sourceTree = "<group>"; };
		0141B40328889C480091F6FF /* ghost-drawingTests.xctest */ = {isa = PBXFileReference; explicitFileType = wrapper.cfbundle; includeInIndex = 0; path = "ghost-drawingTests.xctest"; sourceTree = BUILT_PRODUCTS_DIR; };
		0141B40728889C480091F6FF /* ghost_drawingTests.swift */ = {isa = PBXFileReference; lastKnownFileType = sourcecode.swift; path = ghost_drawingTests.swift; sourceTree = "<group>"; };
		0141B40D28889C480091F6FF /* ghost-drawingUITests.xctest */ = {isa = PBXFileReference; explicitFileType = wrapper.cfbundle; includeInIndex = 0; path = "ghost-drawingUITests.xctest"; sourceTree = BUILT_PRODUCTS_DIR; };
		0141B41128889C480091F6FF /* ghost_drawingUITests.swift */ = {isa = PBXFileReference; lastKnownFileType = sourcecode.swift; path = ghost_drawingUITests.swift; sourceTree = "<group>"; };
		0141B41328889C480091F6FF /* ghost_drawingUITestsLaunchTests.swift */ = {isa = PBXFileReference; lastKnownFileType = sourcecode.swift; path = ghost_drawingUITestsLaunchTests.swift; sourceTree = "<group>"; };
		01EEEFC0288A236E0098A94E /* Line.swift */ = {isa = PBXFileReference; lastKnownFileType = sourcecode.swift; path = Line.swift; sourceTree = "<group>"; };
		01EEEFC2288A23970098A94E /* CanvasView.swift */ = {isa = PBXFileReference; lastKnownFileType = sourcecode.swift; path = CanvasView.swift; sourceTree = "<group>"; };
/* End PBXFileReference section */

/* Begin PBXFrameworksBuildPhase section */
		0141B3EA28889C460091F6FF /* Frameworks */ = {
			isa = PBXFrameworksBuildPhase;
			buildActionMask = 2147483647;
			files = (
			);
			runOnlyForDeploymentPostprocessing = 0;
		};
		0141B40028889C480091F6FF /* Frameworks */ = {
			isa = PBXFrameworksBuildPhase;
			buildActionMask = 2147483647;
			files = (
			);
			runOnlyForDeploymentPostprocessing = 0;
		};
		0141B40A28889C480091F6FF /* Frameworks */ = {
			isa = PBXFrameworksBuildPhase;
			buildActionMask = 2147483647;
			files = (
			);
			runOnlyForDeploymentPostprocessing = 0;
		};
/* End PBXFrameworksBuildPhase section */

/* Begin PBXGroup section */
		0141B3E428889C460091F6FF = {
			isa = PBXGroup;
			children = (
				0141B3EF28889C460091F6FF /* ghost-drawing */,
				0141B40628889C480091F6FF /* ghost-drawingTests */,
				0141B41028889C480091F6FF /* ghost-drawingUITests */,
				0141B3EE28889C460091F6FF /* Products */,
			);
			sourceTree = "<group>";
		};
		0141B3EE28889C460091F6FF /* Products */ = {
			isa = PBXGroup;
			children = (
				0141B3ED28889C460091F6FF /* ghost-drawing.app */,
				0141B40328889C480091F6FF /* ghost-drawingTests.xctest */,
				0141B40D28889C480091F6FF /* ghost-drawingUITests.xctest */,
			);
			name = Products;
			sourceTree = "<group>";
		};
		0141B3EF28889C460091F6FF /* ghost-drawing */ = {
			isa = PBXGroup;
			children = (
				01EEEFB9288A21A60098A94E /* Storyboards */,
				01EEEFBA288A21B30098A94E /* Model */,
				01EEEFBB288A21CC0098A94E /* View */,
				01EEEFBC288A21D30098A94E /* Controller */,
				0141B3F928889C480091F6FF /* Assets.xcassets */,
				01EEEFBD288A21DB0098A94E /* Supporting Files */,
			);
			path = "ghost-drawing";
			sourceTree = "<group>";
		};
		0141B40628889C480091F6FF /* ghost-drawingTests */ = {
			isa = PBXGroup;
			children = (
				0141B40728889C480091F6FF /* ghost_drawingTests.swift */,
			);
			path = "ghost-drawingTests";
			sourceTree = "<group>";
		};
		0141B41028889C480091F6FF /* ghost-drawingUITests */ = {
			isa = PBXGroup;
			children = (
				0141B41128889C480091F6FF /* ghost_drawingUITests.swift */,
				0141B41328889C480091F6FF /* ghost_drawingUITestsLaunchTests.swift */,
			);
			path = "ghost-drawingUITests";
			sourceTree = "<group>";
		};
		01EEEFB9288A21A60098A94E /* Storyboards */ = {
			isa = PBXGroup;
			children = (
				0141B3FB28889C480091F6FF /* LaunchScreen.storyboard */,
				0141B3F628889C460091F6FF /* Main.storyboard */,
			);
			name = Storyboards;
			sourceTree = "<group>";
		};
		01EEEFBA288A21B30098A94E /* Model */ = {
			isa = PBXGroup;
			children = (
				01EEEFC0288A236E0098A94E /* Line.swift */,
			);
			name = Model;
			sourceTree = "<group>";
		};
		01EEEFBB288A21CC0098A94E /* View */ = {
			isa = PBXGroup;
			children = (
				01EEEFC2288A23970098A94E /* CanvasView.swift */,
			);
			name = View;
			sourceTree = "<group>";
		};
		01EEEFBC288A21D30098A94E /* Controller */ = {
			isa = PBXGroup;
			children = (
				0141B3F428889C460091F6FF /* CanvasViewController.swift */,
			);
			name = Controller;
			sourceTree = "<group>";
		};
		01EEEFBD288A21DB0098A94E /* Supporting Files */ = {
			isa = PBXGroup;
			children = (
				0141B3F028889C460091F6FF /* AppDelegate.swift */,
				0141B3F228889C460091F6FF /* SceneDelegate.swift */,
				0141B3FE28889C480091F6FF /* Info.plist */,
			);
			name = "Supporting Files";
			sourceTree = "<group>";
		};
/* End PBXGroup section */

/* Begin PBXNativeTarget section */
		0141B3EC28889C460091F6FF /* ghost-drawing */ = {
			isa = PBXNativeTarget;
			buildConfigurationList = 0141B41728889C480091F6FF /* Build configuration list for PBXNativeTarget "ghost-drawing" */;
			buildPhases = (
				0141B3E928889C460091F6FF /* Sources */,
				0141B3EA28889C460091F6FF /* Frameworks */,
				0141B3EB28889C460091F6FF /* Resources */,
			);
			buildRules = (
			);
			dependencies = (
			);
			name = "ghost-drawing";
			productName = "ghost-drawing";
			productReference = 0141B3ED28889C460091F6FF /* ghost-drawing.app */;
			productType = "com.apple.product-type.application";
		};
		0141B40228889C480091F6FF /* ghost-drawingTests */ = {
			isa = PBXNativeTarget;
			buildConfigurationList = 0141B41A28889C480091F6FF /* Build configuration list for PBXNativeTarget "ghost-drawingTests" */;
			buildPhases = (
				0141B3FF28889C480091F6FF /* Sources */,
				0141B40028889C480091F6FF /* Frameworks */,
				0141B40128889C480091F6FF /* Resources */,
			);
			buildRules = (
			);
			dependencies = (
				0141B40528889C480091F6FF /* PBXTargetDependency */,
			);
			name = "ghost-drawingTests";
			productName = "ghost-drawingTests";
			productReference = 0141B40328889C480091F6FF /* ghost-drawingTests.xctest */;
			productType = "com.apple.product-type.bundle.unit-test";
		};
		0141B40C28889C480091F6FF /* ghost-drawingUITests */ = {
			isa = PBXNativeTarget;
			buildConfigurationList = 0141B41D28889C480091F6FF /* Build configuration list for PBXNativeTarget "ghost-drawingUITests" */;
			buildPhases = (
				0141B40928889C480091F6FF /* Sources */,
				0141B40A28889C480091F6FF /* Frameworks */,
				0141B40B28889C480091F6FF /* Resources */,
			);
			buildRules = (
			);
			dependencies = (
				0141B40F28889C480091F6FF /* PBXTargetDependency */,
			);
			name = "ghost-drawingUITests";
			productName = "ghost-drawingUITests";
			productReference = 0141B40D28889C480091F6FF /* ghost-drawingUITests.xctest */;
			productType = "com.apple.product-type.bundle.ui-testing";
		};
/* End PBXNativeTarget section */

/* Begin PBXProject section */
		0141B3E528889C460091F6FF /* Project object */ = {
			isa = PBXProject;
			attributes = {
				BuildIndependentTargetsInParallel = 1;
				LastSwiftUpdateCheck = 1340;
				LastUpgradeCheck = 1340;
				TargetAttributes = {
					0141B3EC28889C460091F6FF = {
						CreatedOnToolsVersion = 13.4.1;
					};
					0141B40228889C480091F6FF = {
						CreatedOnToolsVersion = 13.4.1;
						TestTargetID = 0141B3EC28889C460091F6FF;
					};
					0141B40C28889C480091F6FF = {
						CreatedOnToolsVersion = 13.4.1;
						TestTargetID = 0141B3EC28889C460091F6FF;
					};
				};
			};
			buildConfigurationList = 0141B3E828889C460091F6FF /* Build configuration list for PBXProject "ghost-drawing" */;
			compatibilityVersion = "Xcode 13.0";
			developmentRegion = en;
			hasScannedForEncodings = 0;
			knownRegions = (
				en,
				Base,
			);
			mainGroup = 0141B3E428889C460091F6FF;
			productRefGroup = 0141B3EE28889C460091F6FF /* Products */;
			projectDirPath = "";
			projectRoot = "";
			targets = (
				0141B3EC28889C460091F6FF /* ghost-drawing */,
				0141B40228889C480091F6FF /* ghost-drawingTests */,
				0141B40C28889C480091F6FF /* ghost-drawingUITests */,
			);
		};
/* End PBXProject section */

/* Begin PBXResourcesBuildPhase section */
		0141B3EB28889C460091F6FF /* Resources */ = {
			isa = PBXResourcesBuildPhase;
			buildActionMask = 2147483647;
			files = (
				0141B3FD28889C480091F6FF /* LaunchScreen.storyboard in Resources */,
				0141B3FA28889C480091F6FF /* Assets.xcassets in Resources */,
				0141B3F828889C460091F6FF /* Main.storyboard in Resources */,
			);
			runOnlyForDeploymentPostprocessing = 0;
		};
		0141B40128889C480091F6FF /* Resources */ = {
			isa = PBXResourcesBuildPhase;
			buildActionMask = 2147483647;
			files = (
			);
			runOnlyForDeploymentPostprocessing = 0;
		};
		0141B40B28889C480091F6FF /* Resources */ = {
			isa = PBXResourcesBuildPhase;
			buildActionMask = 2147483647;
			files = (
			);
			runOnlyForDeploymentPostprocessing = 0;
		};
/* End PBXResourcesBuildPhase section */

/* Begin PBXSourcesBuildPhase section */
		0141B3E928889C460091F6FF /* Sources */ = {
			isa = PBXSourcesBuildPhase;
			buildActionMask = 2147483647;
			files = (
				0141B3F528889C460091F6FF /* CanvasViewController.swift in Sources */,
				01EEEFC1288A236E0098A94E /* Line.swift in Sources */,
				01EEEFC3288A23970098A94E /* CanvasView.swift in Sources */,
				0141B3F128889C460091F6FF /* AppDelegate.swift in Sources */,
				0141B3F328889C460091F6FF /* SceneDelegate.swift in Sources */,
			);
			runOnlyForDeploymentPostprocessing = 0;
		};
		0141B3FF28889C480091F6FF /* Sources */ = {
			isa = PBXSourcesBuildPhase;
			buildActionMask = 2147483647;
			files = (
				0141B40828889C480091F6FF /* ghost_drawingTests.swift in Sources */,
			);
			runOnlyForDeploymentPostprocessing = 0;
		};
		0141B40928889C480091F6FF /* Sources */ = {
			isa = PBXSourcesBuildPhase;
			buildActionMask = 2147483647;
			files = (
				0141B41228889C480091F6FF /* ghost_drawingUITests.swift in Sources */,
				0141B41428889C480091F6FF /* ghost_drawingUITestsLaunchTests.swift in Sources */,
			);
			runOnlyForDeploymentPostprocessing = 0;
		};
/* End PBXSourcesBuildPhase section */

/* Begin PBXTargetDependency section */
		0141B40528889C480091F6FF /* PBXTargetDependency */ = {
			isa = PBXTargetDependency;
			target = 0141B3EC28889C460091F6FF /* ghost-drawing */;
			targetProxy = 0141B40428889C480091F6FF /* PBXContainerItemProxy */;
		};
		0141B40F28889C480091F6FF /* PBXTargetDependency */ = {
			isa = PBXTargetDependency;
			target = 0141B3EC28889C460091F6FF /* ghost-drawing */;
			targetProxy = 0141B40E28889C480091F6FF /* PBXContainerItemProxy */;
		};
/* End PBXTargetDependency section */

/* Begin PBXVariantGroup section */
		0141B3F628889C460091F6FF /* Main.storyboard */ = {
			isa = PBXVariantGroup;
			children = (
				0141B3F728889C460091F6FF /* Base */,
			);
			name = Main.storyboard;
			sourceTree = "<group>";
		};
		0141B3FB28889C480091F6FF /* LaunchScreen.storyboard */ = {
			isa = PBXVariantGroup;
			children = (
				0141B3FC28889C480091F6FF /* Base */,
			);
			name = LaunchScreen.storyboard;
			sourceTree = "<group>";
		};
/* End PBXVariantGroup section */

/* Begin XCBuildConfiguration section */
		0141B41528889C480091F6FF /* Debug */ = {
			isa = XCBuildConfiguration;
			buildSettings = {
				ALWAYS_SEARCH_USER_PATHS = NO;
				CLANG_ANALYZER_NONNULL = YES;
				CLANG_ANALYZER_NUMBER_OBJECT_CONVERSION = YES_AGGRESSIVE;
				CLANG_CXX_LANGUAGE_STANDARD = "gnu++17";
				CLANG_ENABLE_MODULES = YES;
				CLANG_ENABLE_OBJC_ARC = YES;
				CLANG_ENABLE_OBJC_WEAK = YES;
				CLANG_WARN_BLOCK_CAPTURE_AUTORELEASING = YES;
				CLANG_WARN_BOOL_CONVERSION = YES;
				CLANG_WARN_COMMA = YES;
				CLANG_WARN_CONSTANT_CONVERSION = YES;
				CLANG_WARN_DEPRECATED_OBJC_IMPLEMENTATIONS = YES;
				CLANG_WARN_DIRECT_OBJC_ISA_USAGE = YES_ERROR;
				CLANG_WARN_DOCUMENTATION_COMMENTS = YES;
				CLANG_WARN_EMPTY_BODY = YES;
				CLANG_WARN_ENUM_CONVERSION = YES;
				CLANG_WARN_INFINITE_RECURSION = YES;
				CLANG_WARN_INT_CONVERSION = YES;
				CLANG_WARN_NON_LITERAL_NULL_CONVERSION = YES;
				CLANG_WARN_OBJC_IMPLICIT_RETAIN_SELF = YES;
				CLANG_WARN_OBJC_LITERAL_CONVERSION = YES;
				CLANG_WARN_OBJC_ROOT_CLASS = YES_ERROR;
				CLANG_WARN_QUOTED_INCLUDE_IN_FRAMEWORK_HEADER = YES;
				CLANG_WARN_RANGE_LOOP_ANALYSIS = YES;
				CLANG_WARN_STRICT_PROTOTYPES = YES;
				CLANG_WARN_SUSPICIOUS_MOVE = YES;
				CLANG_WARN_UNGUARDED_AVAILABILITY = YES_AGGRESSIVE;
				CLANG_WARN_UNREACHABLE_CODE = YES;
				CLANG_WARN__DUPLICATE_METHOD_MATCH = YES;
				COPY_PHASE_STRIP = NO;
				DEBUG_INFORMATION_FORMAT = dwarf;
				ENABLE_STRICT_OBJC_MSGSEND = YES;
				ENABLE_TESTABILITY = YES;
				GCC_C_LANGUAGE_STANDARD = gnu11;
				GCC_DYNAMIC_NO_PIC = NO;
				GCC_NO_COMMON_BLOCKS = YES;
				GCC_OPTIMIZATION_LEVEL = 0;
				GCC_PREPROCESSOR_DEFINITIONS = (
					"DEBUG=1",
					"$(inherited)",
				);
				GCC_WARN_64_TO_32_BIT_CONVERSION = YES;
				GCC_WARN_ABOUT_RETURN_TYPE = YES_ERROR;
				GCC_WARN_UNDECLARED_SELECTOR = YES;
				GCC_WARN_UNINITIALIZED_AUTOS = YES_AGGRESSIVE;
				GCC_WARN_UNUSED_FUNCTION = YES;
				GCC_WARN_UNUSED_VARIABLE = YES;
				IPHONEOS_DEPLOYMENT_TARGET = 15.5;
				MTL_ENABLE_DEBUG_INFO = INCLUDE_SOURCE;
				MTL_FAST_MATH = YES;
				ONLY_ACTIVE_ARCH = YES;
				SDKROOT = iphoneos;
				SWIFT_ACTIVE_COMPILATION_CONDITIONS = DEBUG;
				SWIFT_OPTIMIZATION_LEVEL = "-Onone";
			};
			name = Debug;
		};
		0141B41628889C480091F6FF /* Release */ = {
			isa = XCBuildConfiguration;
			buildSettings = {
				ALWAYS_SEARCH_USER_PATHS = NO;
				CLANG_ANALYZER_NONNULL = YES;
				CLANG_ANALYZER_NUMBER_OBJECT_CONVERSION = YES_AGGRESSIVE;
				CLANG_CXX_LANGUAGE_STANDARD = "gnu++17";
				CLANG_ENABLE_MODULES = YES;
				CLANG_ENABLE_OBJC_ARC = YES;
				CLANG_ENABLE_OBJC_WEAK = YES;
				CLANG_WARN_BLOCK_CAPTURE_AUTORELEASING = YES;
				CLANG_WARN_BOOL_CONVERSION = YES;
				CLANG_WARN_COMMA = YES;
				CLANG_WARN_CONSTANT_CONVERSION = YES;
				CLANG_WARN_DEPRECATED_OBJC_IMPLEMENTATIONS = YES;
				CLANG_WARN_DIRECT_OBJC_ISA_USAGE = YES_ERROR;
				CLANG_WARN_DOCUMENTATION_COMMENTS = YES;
				CLANG_WARN_EMPTY_BODY = YES;
				CLANG_WARN_ENUM_CONVERSION = YES;
				CLANG_WARN_INFINITE_RECURSION = YES;
				CLANG_WARN_INT_CONVERSION = YES;
				CLANG_WARN_NON_LITERAL_NULL_CONVERSION = YES;
				CLANG_WARN_OBJC_IMPLICIT_RETAIN_SELF = YES;
				CLANG_WARN_OBJC_LITERAL_CONVERSION = YES;
				CLANG_WARN_OBJC_ROOT_CLASS = YES_ERROR;
				CLANG_WARN_QUOTED_INCLUDE_IN_FRAMEWORK_HEADER = YES;
				CLANG_WARN_RANGE_LOOP_ANALYSIS = YES;
				CLANG_WARN_STRICT_PROTOTYPES = YES;
				CLANG_WARN_SUSPICIOUS_MOVE = YES;
				CLANG_WARN_UNGUARDED_AVAILABILITY = YES_AGGRESSIVE;
				CLANG_WARN_UNREACHABLE_CODE = YES;
				CLANG_WARN__DUPLICATE_METHOD_MATCH = YES;
				COPY_PHASE_STRIP = NO;
				DEBUG_INFORMATION_FORMAT = "dwarf-with-dsym";
				ENABLE_NS_ASSERTIONS = NO;
				ENABLE_STRICT_OBJC_MSGSEND = YES;
				GCC_C_LANGUAGE_STANDARD = gnu11;
				GCC_NO_COMMON_BLOCKS = YES;
				GCC_WARN_64_TO_32_BIT_CONVERSION = YES;
				GCC_WARN_ABOUT_RETURN_TYPE = YES_ERROR;
				GCC_WARN_UNDECLARED_SELECTOR = YES;
				GCC_WARN_UNINITIALIZED_AUTOS = YES_AGGRESSIVE;
				GCC_WARN_UNUSED_FUNCTION = YES;
				GCC_WARN_UNUSED_VARIABLE = YES;
				IPHONEOS_DEPLOYMENT_TARGET = 15.5;
				MTL_ENABLE_DEBUG_INFO = NO;
				MTL_FAST_MATH = YES;
				SDKROOT = iphoneos;
				SWIFT_COMPILATION_MODE = wholemodule;
				SWIFT_OPTIMIZATION_LEVEL = "-O";
				VALIDATE_PRODUCT = YES;
			};
			name = Release;
		};
		0141B41828889C480091F6FF /* Debug */ = {
			isa = XCBuildConfiguration;
			buildSettings = {
				ASSETCATALOG_COMPILER_APPICON_NAME = AppIcon;
				ASSETCATALOG_COMPILER_GLOBAL_ACCENT_COLOR_NAME = AccentColor;
				CODE_SIGN_STYLE = Automatic;
				CURRENT_PROJECT_VERSION = 1;
				DEVELOPMENT_TEAM = PTRW36GG78;
				GENERATE_INFOPLIST_FILE = YES;
				INFOPLIST_FILE = "ghost-drawing/Info.plist";
				INFOPLIST_KEY_UIApplicationSupportsIndirectInputEvents = YES;
				INFOPLIST_KEY_UILaunchStoryboardName = LaunchScreen;
				INFOPLIST_KEY_UIMainStoryboardFile = Main;
				INFOPLIST_KEY_UISupportedInterfaceOrientations = UIInterfaceOrientationPortrait;
				INFOPLIST_KEY_UISupportedInterfaceOrientations_iPad = "UIInterfaceOrientationPortrait UIInterfaceOrientationPortraitUpsideDown UIInterfaceOrientationLandscapeLeft UIInterfaceOrientationLandscapeRight";
				INFOPLIST_KEY_UISupportedInterfaceOrientations_iPhone = "UIInterfaceOrientationPortrait UIInterfaceOrientationLandscapeLeft UIInterfaceOrientationLandscapeRight";
				IPHONEOS_DEPLOYMENT_TARGET = 15.0;
				LD_RUNPATH_SEARCH_PATHS = (
					"$(inherited)",
					"@executable_path/Frameworks",
				);
				MARKETING_VERSION = 1.0;
				PRODUCT_BUNDLE_IDENTIFIER = "com.Andrew11US.ghost-drawing";
				PRODUCT_NAME = "$(TARGET_NAME)";
				SWIFT_EMIT_LOC_STRINGS = YES;
				SWIFT_VERSION = 5.0;
				TARGETED_DEVICE_FAMILY = "1,2";
			};
			name = Debug;
		};
		0141B41928889C480091F6FF /* Release */ = {
			isa = XCBuildConfiguration;
			buildSettings = {
				ASSETCATALOG_COMPILER_APPICON_NAME = AppIcon;
				ASSETCATALOG_COMPILER_GLOBAL_ACCENT_COLOR_NAME = AccentColor;
				CODE_SIGN_STYLE = Automatic;
				CURRENT_PROJECT_VERSION = 1;
				DEVELOPMENT_TEAM = PTRW36GG78;
				GENERATE_INFOPLIST_FILE = YES;
				INFOPLIST_FILE = "ghost-drawing/Info.plist";
				INFOPLIST_KEY_UIApplicationSupportsIndirectInputEvents = YES;
				INFOPLIST_KEY_UILaunchStoryboardName = LaunchScreen;
				INFOPLIST_KEY_UIMainStoryboardFile = Main;
				INFOPLIST_KEY_UISupportedInterfaceOrientations = UIInterfaceOrientationPortrait;
				INFOPLIST_KEY_UISupportedInterfaceOrientations_iPad = "UIInterfaceOrientationPortrait UIInterfaceOrientationPortraitUpsideDown UIInterfaceOrientationLandscapeLeft UIInterfaceOrientationLandscapeRight";
				INFOPLIST_KEY_UISupportedInterfaceOrientations_iPhone = "UIInterfaceOrientationPortrait UIInterfaceOrientationLandscapeLeft UIInterfaceOrientationLandscapeRight";
				IPHONEOS_DEPLOYMENT_TARGET = 15.0;
				LD_RUNPATH_SEARCH_PATHS = (
					"$(inherited)",
					"@executable_path/Frameworks",
				);
				MARKETING_VERSION = 1.0;
				PRODUCT_BUNDLE_IDENTIFIER = "com.Andrew11US.ghost-drawing";
				PRODUCT_NAME = "$(TARGET_NAME)";
				SWIFT_EMIT_LOC_STRINGS = YES;
				SWIFT_VERSION = 5.0;
				TARGETED_DEVICE_FAMILY = "1,2";
			};
			name = Release;
		};
		0141B41B28889C480091F6FF /* Debug */ = {
			isa = XCBuildConfiguration;
			buildSettings = {
				ALWAYS_EMBED_SWIFT_STANDARD_LIBRARIES = YES;
				BUNDLE_LOADER = "$(TEST_HOST)";
				CODE_SIGN_STYLE = Automatic;
				CURRENT_PROJECT_VERSION = 1;
				DEVELOPMENT_TEAM = PTRW36GG78;
				GENERATE_INFOPLIST_FILE = YES;
				IPHONEOS_DEPLOYMENT_TARGET = 15.5;
				MARKETING_VERSION = 1.0;
				PRODUCT_BUNDLE_IDENTIFIER = "com.Andrew11US.ghost-drawingTests";
				PRODUCT_NAME = "$(TARGET_NAME)";
				SWIFT_EMIT_LOC_STRINGS = NO;
				SWIFT_VERSION = 5.0;
				TARGETED_DEVICE_FAMILY = "1,2";
				TEST_HOST = "$(BUILT_PRODUCTS_DIR)/ghost-drawing.app/ghost-drawing";
			};
			name = Debug;
		};
		0141B41C28889C480091F6FF /* Release */ = {
			isa = XCBuildConfiguration;
			buildSettings = {
				ALWAYS_EMBED_SWIFT_STANDARD_LIBRARIES = YES;
				BUNDLE_LOADER = "$(TEST_HOST)";
				CODE_SIGN_STYLE = Automatic;
				CURRENT_PROJECT_VERSION = 1;
				DEVELOPMENT_TEAM = PTRW36GG78;
				GENERATE_INFOPLIST_FILE = YES;
				IPHONEOS_DEPLOYMENT_TARGET = 15.5;
				MARKETING_VERSION = 1.0;
				PRODUCT_BUNDLE_IDENTIFIER = "com.Andrew11US.ghost-drawingTests";
				PRODUCT_NAME = "$(TARGET_NAME)";
				SWIFT_EMIT_LOC_STRINGS = NO;
				SWIFT_VERSION = 5.0;
				TARGETED_DEVICE_FAMILY = "1,2";
				TEST_HOST = "$(BUILT_PRODUCTS_DIR)/ghost-drawing.app/ghost-drawing";
			};
			name = Release;
		};
		0141B41E28889C480091F6FF /* Debug */ = {
			isa = XCBuildConfiguration;
			buildSettings = {
				ALWAYS_EMBED_SWIFT_STANDARD_LIBRARIES = YES;
				CODE_SIGN_STYLE = Automatic;
				CURRENT_PROJECT_VERSION = 1;
				DEVELOPMENT_TEAM = PTRW36GG78;
				GENERATE_INFOPLIST_FILE = YES;
				MARKETING_VERSION = 1.0;
				PRODUCT_BUNDLE_IDENTIFIER = "com.Andrew11US.ghost-drawingUITests";
				PRODUCT_NAME = "$(TARGET_NAME)";
				SWIFT_EMIT_LOC_STRINGS = NO;
				SWIFT_VERSION = 5.0;
				TARGETED_DEVICE_FAMILY = "1,2";
				TEST_TARGET_NAME = "ghost-drawing";
			};
			name = Debug;
		};
		0141B41F28889C480091F6FF /* Release */ = {
			isa = XCBuildConfiguration;
			buildSettings = {
				ALWAYS_EMBED_SWIFT_STANDARD_LIBRARIES = YES;
				CODE_SIGN_STYLE = Automatic;
				CURRENT_PROJECT_VERSION = 1;
				DEVELOPMENT_TEAM = PTRW36GG78;
				GENERATE_INFOPLIST_FILE = YES;
				MARKETING_VERSION = 1.0;
				PRODUCT_BUNDLE_IDENTIFIER = "com.Andrew11US.ghost-drawingUITests";
				PRODUCT_NAME = "$(TARGET_NAME)";
				SWIFT_EMIT_LOC_STRINGS = NO;
				SWIFT_VERSION = 5.0;
				TARGETED_DEVICE_FAMILY = "1,2";
				TEST_TARGET_NAME = "ghost-drawing";
			};
			name = Release;
		};
/* End XCBuildConfiguration section */

/* Begin XCConfigurationList section */
		0141B3E828889C460091F6FF /* Build configuration list for PBXProject "ghost-drawing" */ = {
			isa = XCConfigurationList;
			buildConfigurations = (
				0141B41528889C480091F6FF /* Debug */,
				0141B41628889C480091F6FF /* Release */,
			);
			defaultConfigurationIsVisible = 0;
			defaultConfigurationName = Release;
		};
		0141B41728889C480091F6FF /* Build configuration list for PBXNativeTarget "ghost-drawing" */ = {
			isa = XCConfigurationList;
			buildConfigurations = (
				0141B41828889C480091F6FF /* Debug */,
				0141B41928889C480091F6FF /* Release */,
			);
			defaultConfigurationIsVisible = 0;
			defaultConfigurationName = Release;
		};
		0141B41A28889C480091F6FF /* Build configuration list for PBXNativeTarget "ghost-drawingTests" */ = {
			isa = XCConfigurationList;
			buildConfigurations = (
				0141B41B28889C480091F6FF /* Debug */,
				0141B41C28889C480091F6FF /* Release */,
			);
			defaultConfigurationIsVisible = 0;
			defaultConfigurationName = Release;
		};
		0141B41D28889C480091F6FF /* Build configuration list for PBXNativeTarget "ghost-drawingUITests" */ = {
			isa = XCConfigurationList;
			buildConfigurations = (
				0141B41E28889C480091F6FF /* Debug */,
				0141B41F28889C480091F6FF /* Release */,
			);
			defaultConfigurationIsVisible = 0;
			defaultConfigurationName = Release;
		};
/* End XCConfigurationList section */
	};
	rootObject = 0141B3E528889C460091F6FF /* Project object */;
}
